
Microsoft Visual Studio Solution File, Format Version 12.00
# Visual Studio Version 16
VisualStudioVersion = 16.0.30907.101
MinimumVisualStudioVersion = 10.0.40219.1
Project("{FAE04EC0-301F-11D3-BF4B-00C04F79EFBC}") = "WeatherForecasting", "WeatherForecasting\WeatherForecasting.csproj", "{887685D4-53ED-4A34-8D58-766A7BD875E2}"
EndProject
Global
	GlobalSection(SolutionConfigurationPlatforms) = preSolution
		Debug|Any CPU = Debug|Any CPU
		Release|Any CPU = Release|Any CPU
	EndGlobalSection
	GlobalSection(ProjectConfigurationPlatforms) = postSolution
		{887685D4-53ED-4A34-8D58-766A7BD875E2}.Debug|Any CPU.ActiveCfg = Debug|Any CPU
		{887685D4-53ED-4A34-8D58-766A7BD875E2}.Debug|Any CPU.Build.0 = Debug|Any CPU
		{887685D4-53ED-4A34-8D58-766A7BD875E2}.Release|Any CPU.ActiveCfg = Release|Any CPU
		{887685D4-53ED-4A34-8D58-766A7BD875E2}.Release|Any CPU.Build.0 = Release|Any CPU
	EndGlobalSection
	GlobalSection(SolutionProperties) = preSolution
		HideSolutionNode = FALSE
	EndGlobalSection
	GlobalSection(ExtensibilityGlobals) = postSolution
		SolutionGuid = {34F5C256-45DC-43B7-B7B7-DF701AA8F8C8}
	EndGlobalSection
EndGlobal
